
Microsoft Visual Studio Solution File, Format Version 12.00
# Visual Studio Version 16
VisualStudioVersion = 16.0.29306.81
MinimumVisualStudioVersion = 10.0.40219.1
Project("{FAE04EC0-301F-11D3-BF4B-00C04F79EFBC}") = "Hermes", "Hermes\Hermes.csproj", "{A1188C5C-E44E-4840-8EF7-828433D14722}"
EndProject
Project("{FAE04EC0-301F-11D3-BF4B-00C04F79EFBC}") = "Hermes.Core", "Hermes.Core\Hermes.Core.csproj", "{88BC0B74-A758-4021-ABB9-BF8C2987CB9B}"
EndProject
Global
	GlobalSection(SolutionConfigurationPlatforms) = preSolution
		Debug|Any CPU = Debug|Any CPU
		Release|Any CPU = Release|Any CPU
	EndGlobalSection
	GlobalSection(ProjectConfigurationPlatforms) = postSolution
		{A1188C5C-E44E-4840-8EF7-828433D14722}.Debug|Any CPU.ActiveCfg = Debug|Any CPU
		{A1188C5C-E44E-4840-8EF7-828433D14722}.Debug|Any CPU.Build.0 = Debug|Any CPU
		{A1188C5C-E44E-4840-8EF7-828433D14722}.Release|Any CPU.ActiveCfg = Release|Any CPU
		{A1188C5C-E44E-4840-8EF7-828433D14722}.Release|Any CPU.Build.0 = Release|Any CPU
		{88BC0B74-A758-4021-ABB9-BF8C2987CB9B}.Debug|Any CPU.ActiveCfg = Debug|Any CPU
		{88BC0B74-A758-4021-ABB9-BF8C2987CB9B}.Debug|Any CPU.Build.0 = Debug|Any CPU
		{88BC0B74-A758-4021-ABB9-BF8C2987CB9B}.Release|Any CPU.ActiveCfg = Release|Any CPU
		{88BC0B74-A758-4021-ABB9-BF8C2987CB9B}.Release|Any CPU.Build.0 = Release|Any CPU
	EndGlobalSection
	GlobalSection(SolutionProperties) = preSolution
		HideSolutionNode = FALSE
	EndGlobalSection
	GlobalSection(ExtensibilityGlobals) = postSolution
		SolutionGuid = {ACC34BC2-78FF-495F-BAA6-D6874807485D}
	EndGlobalSection
EndGlobal
